
Microsoft Visual Studio Solution File, Format Version 12.00
# Visual Studio Version 17
VisualStudioVersion = 17.4.33205.214
MinimumVisualStudioVersion = 10.0.40219.1
Project("{FAE04EC0-301F-11D3-BF4B-00C04F79EFBC}") = "DownloadGithubtask", "DownloadGithubtask\DownloadGithubtask.csproj", "{10A34DC7-3483-454F-84C1-48B3FF7100BE}"
EndProject
Global
	GlobalSection(SolutionConfigurationPlatforms) = preSolution
		Debug|Any CPU = Debug|Any CPU
		Release|Any CPU = Release|Any CPU
	EndGlobalSection
	GlobalSection(ProjectConfigurationPlatforms) = postSolution
		{10A34DC7-3483-454F-84C1-48B3FF7100BE}.Debug|Any CPU.ActiveCfg = Debug|Any CPU
		{10A34DC7-3483-454F-84C1-48B3FF7100BE}.Debug|Any CPU.Build.0 = Debug|Any CPU
		{10A34DC7-3483-454F-84C1-48B3FF7100BE}.Release|Any CPU.ActiveCfg = Release|Any CPU
		{10A34DC7-3483-454F-84C1-48B3FF7100BE}.Release|Any CPU.Build.0 = Release|Any CPU
	EndGlobalSection
	GlobalSection(SolutionProperties) = preSolution
		HideSolutionNode = FALSE
	EndGlobalSection
	GlobalSection(ExtensibilityGlobals) = postSolution
		SolutionGuid = {A87CEC97-6600-4A80-B0C0-58627FA8627B}
	EndGlobalSection
EndGlobal
